
Microsoft Visual Studio Solution File, Format Version 12.00
# Visual Studio Version 16
VisualStudioVersion = 16.0.31205.134
MinimumVisualStudioVersion = 10.0.40219.1
Project("{FAE04EC0-301F-11D3-BF4B-00C04F79EFBC}") = "epam-xt", "epam-xt\epam-xt.csproj", "{1301D7EE-A422-46B3-B2CE-8C977E7077EB}"
EndProject
Global
	GlobalSection(SolutionConfigurationPlatforms) = preSolution
		Debug|Any CPU = Debug|Any CPU
		Release|Any CPU = Release|Any CPU
	EndGlobalSection
	GlobalSection(ProjectConfigurationPlatforms) = postSolution
		{1301D7EE-A422-46B3-B2CE-8C977E7077EB}.Debug|Any CPU.ActiveCfg = Debug|Any CPU
		{1301D7EE-A422-46B3-B2CE-8C977E7077EB}.Debug|Any CPU.Build.0 = Debug|Any CPU
		{1301D7EE-A422-46B3-B2CE-8C977E7077EB}.Release|Any CPU.ActiveCfg = Release|Any CPU
		{1301D7EE-A422-46B3-B2CE-8C977E7077EB}.Release|Any CPU.Build.0 = Release|Any CPU
	EndGlobalSection
	GlobalSection(SolutionProperties) = preSolution
		HideSolutionNode = FALSE
	EndGlobalSection
	GlobalSection(ExtensibilityGlobals) = postSolution
		SolutionGuid = {51318306-31D0-4DAA-9DC5-E908426AB0D6}
	EndGlobalSection
EndGlobal
